{
    "_readme": [
        "This file locks the dependencies of your project to a known state",
        "Read more about it at https://getcomposer.org/doc/01-basic-usage.md#installing-dependencies",
        "This file is @generated automatically"
    ],
    "content-hash": "398fd8d6187f40a1348b104044f933bc",
    "packages": [
        {
            "name": "automattic/jetpack-autoloader",
            "version": "v5.0.16",
            "source": {
                "type": "git",
                "url": "https://github.com/Automattic/jetpack-autoloader.git",
                "reference": "d8ae822a35e7431137e860ee60eceedaa745e4d1"
            },
            "dist": {
                "type": "zip",
                "url": "https://api.github.com/repos/Automattic/jetpack-autoloader/zipball/d8ae822a35e7431137e860ee60eceedaa745e4d1",
                "reference": "d8ae822a35e7431137e860ee60eceedaa745e4d1",
                "shasum": ""
            },
            "require": {
                "composer-plugin-api": "^2.2",
                "php": ">=7.2"
            },
            "require-dev": {
                "automattic/jetpack-changelogger": "^6.0.14",
                "automattic/phpunit-select-config": "^1.0.3",
                "composer/composer": "^2.2",
                "yoast/phpunit-polyfills": "^4.0.0"
            },
            "type": "composer-plugin",
            "extra": {
                "class": "Automattic\\Jetpack\\Autoloader\\CustomAutoloaderPlugin",
                "autotagger": true,
                "mirror-repo": "Automattic/jetpack-autoloader",
                "branch-alias": {
                    "dev-trunk": "5.0.x-dev"
                },
                "changelogger": {
                    "link-template": "https://github.com/Automattic/jetpack-autoloader/compare/v${old}...v${new}"
                },
                "version-constants": {
                    "::VERSION": "src/AutoloadGenerator.php"
                }
            },
            "autoload": {
                "psr-4": {
                    "Automattic\\Jetpack\\Autoloader\\": "src"
                },
                "classmap": [
                    "src/AutoloadGenerator.php"
                ]
            },
            "notification-url": "https://packagist.org/downloads/",
            "license": [
                "GPL-2.0-or-later"
            ],
            "description": "Creates a custom autoloader for a plugin or theme.",
            "keywords": [
                "autoload",
                "autoloader",
                "composer",
                "jetpack",
                "plugin",
                "wordpress"
            ],
            "support": {
                "source": "https://github.com/Automattic/jetpack-autoloader/tree/v5.0.16"
            },
            "time": "2026-02-16T10:33:15+00:00"
        },
        {
            "name": "composer/installers",
            "version": "v2.3.0",
            "source": {
                "type": "git",
                "url": "https://github.com/composer/installers.git",
                "reference": "12fb2dfe5e16183de69e784a7b84046c43d97e8e"
            },
            "dist": {
                "type": "zip",
                "url": "https://api.github.com/repos/composer/installers/zipball/12fb2dfe5e16183de69e784a7b84046c43d97e8e",
                "reference": "12fb2dfe5e16183de69e784a7b84046c43d97e8e",
                "shasum": ""
            },
            "require": {
                "composer-plugin-api": "^1.0 || ^2.0",
                "php": "^7.2 || ^8.0"
            },
            "require-dev": {
                "composer/composer": "^1.10.27 || ^2.7",
                "composer/semver": "^1.7.2 || ^3.4.0",
                "phpstan/phpstan": "^1.11",
                "phpstan/phpstan-phpunit": "^1",
                "symfony/phpunit-bridge": "^7.1.1",
                "symfony/process": "^5 || ^6 || ^7"
            },
            "type": "composer-plugin",
            "extra": {
                "class": "Composer\\Installers\\Plugin",
                "branch-alias": {
                    "dev-main": "2.x-dev"
                },
                "plugin-modifies-install-path": true
            },
            "autoload": {
                "psr-4": {
                    "Composer\\Installers\\": "src/Composer/Installers"
                }
            },
            "notification-url": "https://packagist.org/downloads/",
            "license": [
                "MIT"
            ],
            "authors": [
                {
                    "name": "Kyle Robinson Young",
                    "email": "kyle@dontkry.com",
                    "homepage": "https://github.com/shama"
                }
            ],
            "description": "A multi-framework Composer library installer",
            "homepage": "https://composer.github.io/installers/",
            "keywords": [
                "Dolibarr",
                "Eliasis",
                "Hurad",
                "ImageCMS",
                "Kanboard",
                "Lan Management System",
                "MODX Evo",
                "MantisBT",
                "Mautic",
                "Maya",
                "OXID",
                "Plentymarkets",
                "Porto",
                "RadPHP",
                "SMF",
                "Starbug",
                "Thelia",
                "Whmcs",
                "WolfCMS",
                "agl",
                "annotatecms",
                "attogram",
                "bitrix",
                "cakephp",
                "chef",
                "cockpit",
                "codeigniter",
                "concrete5",
                "concreteCMS",
                "croogo",
                "dokuwiki",
                "drupal",
                "eZ Platform",
                "elgg",
                "expressionengine",
                "fuelphp",
                "grav",
                "installer",
                "itop",
                "known",
                "kohana",
                "laravel",
                "lavalite",
                "lithium",
                "magento",
                "majima",
                "mako",
                "matomo",
                "mediawiki",
                "miaoxing",
                "modulework",
                "modx",
                "moodle",
                "osclass",
                "pantheon",
                "phpbb",
                "piwik",
                "ppi",
                "processwire",
                "puppet",
                "pxcms",
                "reindex",
                "roundcube",
                "shopware",
                "silverstripe",
                "sydes",
                "sylius",
                "tastyigniter",
                "wordpress",
                "yawik",
                "zend",
                "zikula"
            ],
            "support": {
                "issues": "https://github.com/composer/installers/issues",
                "source": "https://github.com/composer/installers/tree/v2.3.0"
            },
            "funding": [
                {
                    "url": "https://packagist.com",
                    "type": "custom"
                },
                {
                    "url": "https://github.com/composer",
                    "type": "github"
                },
                {
                    "url": "https://tidelift.com/funding/github/packagist/composer/composer",
                    "type": "tidelift"
                }
            ],
            "time": "2024-06-24T20:46:46+00:00"
        },
        {
            "name": "solvebeam/solvebeam-wordpress-plugin-boilerplate",
            "version": "dev-main",
            "source": {
                "type": "git",
                "url": "https://github.com/solvebeam/solvebeam-wordpress-plugin-boilerplate.git",
                "reference": "f6297e75179fde513a74dde7014605b8a6069eca"
            },
            "dist": {
                "type": "zip",
                "url": "https://api.github.com/repos/solvebeam/solvebeam-wordpress-plugin-boilerplate/zipball/f6297e75179fde513a74dde7014605b8a6069eca",
                "reference": "f6297e75179fde513a74dde7014605b8a6069eca",
                "shasum": ""
            },
            "require": {
                "automattic/jetpack-autoloader": "^5.0",
                "composer/installers": "^2.3",
                "php": "^8.2"
            },
            "require-dev": {
                "pronamic/wp-coding-standards": "^2.5",
                "rector/rector": "^2.3",
                "roots/wordpress-no-content": "^6.9",
                "wp-cli/dist-archive-command": "*",
                "wp-cli/wp-cli-bundle": "*"
            },
            "default-branch": true,
            "type": "wordpress-plugin",
            "extra": {
                "installer-paths": {
                    "packages/{$vendor}/{$name}": [
                        "vendor:pronamic",
                        "vendor:solvebeam",
                        "vendor:wp-pay",
                        "woocommerce/action-scheduler"
                    ]
                }
            },
            "autoload": {
                "psr-4": {
                    "SolveBeam\\WordPressPluginBoilerplate\\": "psr-4/"
                }
            },
            "notification-url": "https://packagist.org/downloads/",
            "license": [
                "GPL-2.0-or-later"
            ],
            "authors": [
                {
                    "name": "SolveBeam",
                    "email": "info@solvebeam.com",
                    "homepage": "https://www.solvebeam.com/",
                    "role": "Developer"
                },
                {
                    "name": "Remco Tolsma",
                    "email": "info@remcotolsma.nl",
                    "homepage": "https://www.remcotolsma.nl/",
                    "role": "Developer"
                }
            ],
            "description": "A modern WordPress plugin boilerplate by SolveBeam, providing a structured foundation for building scalable and maintainable plugins.",
            "support": {
                "issues": "https://github.com/solvebeam/solvebeam-wordpress-plugin-boilerplate/issues",
                "source": "https://github.com/solvebeam/solvebeam-wordpress-plugin-boilerplate/tree/main"
            },
            "funding": [
                {
                    "url": "https://github.com/remcotolsma, solvebeam",
                    "type": "github"
                }
            ],
            "time": "2026-03-19T21:06:28+00:00"
        }
    ],
    "packages-dev": [],
    "aliases": [],
    "minimum-stability": "stable",
    "stability-flags": {
        "solvebeam/solvebeam-wordpress-plugin-boilerplate": 20
    },
    "prefer-stable": false,
    "prefer-lowest": false,
    "platform": {},
    "platform-dev": {},
    "plugin-api-version": "2.9.0"
}
